{
   "name": "nitro-sniper",
   "version": "1.0.1",
   "lockfileVersion": 2,
   "requires": true,
   "packages": {
      "": {
         "name": "nitro-sniper",
         "version": "1.0.1",
         "license": "Unlicensed",
         "dependencies": {
            "@discordjs/uws": "^10.149.0",
            "@skyra/timestamp": "^1.0.0",
            "chalk": "^4.1.0",
            "discord.js": "slow/discord.js#master",
            "discord.js-light": "slow/discord.js-light#master",
            "dotenv": "github:andreialecu/dotenv#feat-multiline",
            "erlpack": "hammerandchisel/erlpack#master",
            "express": "^4.17.1",
            "json5": "^2.2.0",
            "node": "^14.17.4",
            "phin": "^3.5.1"
         },
         "engines": {
            "node": "14.x"
         }
      },
      "node_modules/@discordjs/collection": {
         "version": "0.1.6",
         "integrity": "sha512-utRNxnd9kSS2qhyivo9lMlt5qgAUasH2gb7BEOn6p0efFh24gjGomHzWKMAPn2hEReOPQZCJaRKoURwRotKucQ=="
      },
      "node_modules/@discordjs/form-data": {
         "version": "3.0.1",
         "integrity": "sha512-ZfFsbgEXW71Rw/6EtBdrP5VxBJy4dthyC0tpQKGKmYFImlmmrykO14Za+BiIVduwjte0jXEBlhSKf0MWbFp9Eg==",
         "dependencies": {
            "asynckit": "^0.4.0",
            "combined-stream": "^1.0.8",
            "mime-types": "^2.1.12"
         },
         "engines": {
            "node": ">= 6"
         }
      },
      "node_modules/@discordjs/uws": {
         "version": "10.149.0",
         "integrity": "sha512-N1wjoAD2DOgzevqzyTOWTgyO2divX03JWNQx4JHm/jQ/BRzZNkhwVRO3RC5Guww+srdgs4Tw4gwrzlJrlOhq/Q==",
         "hasInstallScript": true,
         "engines": {
            "node": ">=6.0.0"
         }
      },
      "node_modules/@skyra/timestamp": {
         "version": "1.0.0",
         "integrity": "sha512-+qznTCEwwqmpp/7RypIzxH2z1ij9ZV/W5EZveC6yewGNtQxmfoNhjvPK2qujT32TUmy3FoakbDbTnO6pnOpG0g==",
         "engines": {
            "node": ">=12",
            "npm": ">=6"
         }
      },
      "node_modules/abort-controller": {
         "version": "3.0.0",
         "integrity": "sha512-h8lQ8tacZYnR3vNQTgibj+tODHI5/+l06Au2Pcriv/Gmet0eaj4TwWH41sO9wnHDiQsEj19q0drzdWdeAHtweg==",
         "dependencies": {
            "event-target-shim": "^5.0.0"
         },
         "engines": {
            "node": ">=6.5"
         }
      },
      "node_modules/accepts": {
         "version": "1.3.7",
         "integrity": "sha512-Il80Qs2WjYlJIBNzNkK6KYqlVMTbZLXgHx2oT0pU/fjRHyEp+PEfEPY0R3WCwAGVOtauxh1hOxNgIf5bv7dQpA==",
         "dependencies": {
            "mime-types": "~2.1.24",
            "negotiator": "0.6.2"
         },
         "engines": {
            "node": ">= 0.6"
         }
      },
      "node_modules/ansi-styles": {
         "version": "4.3.0",
         "integrity": "sha512-zbB9rCJAT1rbjiVDb2hqKFHNYLxgtk8NURxZ3IZwD3F6NtxbXZQCnnSi1Lkx+IDohdPlFp222wVALIheZJQSEg==",
         "dependencies": {
            "color-convert": "^2.0.1"
         },
         "engines": {
            "node": ">=8"
         },
         "funding": {
            "url": "https://github.com/chalk/ansi-styles?sponsor=1"
         }
      },
      "node_modules/array-flatten": {
         "version": "1.1.1",
         "integrity": "sha1-ml9pkFGx5wczKPKgCJaLZOopVdI="
      },
      "node_modules/asynckit": {
         "version": "0.4.0",
         "integrity": "sha1-x57Zf380y48robyXkLzDZkdLS3k="
      },
      "node_modules/bindings": {
         "version": "1.5.0",
         "integrity": "sha512-p2q/t/mhvuOj/UeLlV6566GD/guowlr0hHxClI0W9m7MWYkL1F0hLo+0Aexs9HSPCtR1SXQ0TD3MMKrXZajbiQ==",
         "dependencies": {
            "file-uri-to-path": "1.0.0"
         }
      },
      "node_modules/body-parser": {
         "version": "1.19.0",
         "integrity": "sha512-dhEPs72UPbDnAQJ9ZKMNTP6ptJaionhP5cBb541nXPlW60Jepo9RV/a4fX4XWW9CuFNK22krhrj1+rgzifNCsw==",
         "dependencies": {
            "bytes": "3.1.0",
            "content-type": "~1.0.4",
            "debug": "2.6.9",
            "depd": "~1.1.2",
            "http-errors": "1.7.2",
            "iconv-lite": "0.4.24",
            "on-finished": "~2.3.0",
            "qs": "6.7.0",
            "raw-body": "2.4.0",
            "type-is": "~1.6.17"
         },
         "engines": {
            "node": ">= 0.8"
         }
      },
      "node_modules/bytes": {
         "version": "3.1.0",
         "integrity": "sha512-zauLjrfCG+xvoyaqLoV8bLVXXNGC4JqlxFCutSDWA6fJrTo2ZuvLYTqZ7aHBLZSMOopbzwv8f+wZcVzfVTI2Dg==",
         "engines": {
            "node": ">= 0.8"
         }
      },
      "node_modules/centra": {
         "version": "2.4.2",
         "integrity": "sha512-f1RaP0V1HqVNEXfLfjNBthB2yy3KnSGnPCnOPCFLUk9e/Z4rNJ8nBaJNnghflnp88mi1IT8mfmW+HlMS1/H+bg=="
      },
      "node_modules/chalk": {
         "version": "4.1.1",
         "integrity": "sha512-diHzdDKxcU+bAsUboHLPEDQiw0qEe0qd7SYUn3HgcFlWgbDcfLGswOHYeGrHKzG9z6UYf01d9VFMfZxPM1xZSg==",
         "dependencies": {
            "ansi-styles": "^4.1.0",
            "supports-color": "^7.1.0"
         },
         "engines": {
            "node": ">=10"
         },
         "funding": {
            "url": "https://github.com/chalk/chalk?sponsor=1"
         }
      },
      "node_modules/color-convert": {
         "version": "2.0.1",
         "integrity": "sha512-RRECPsj7iu/xb5oKYcsFHSppFNnsj/52OVTRKb4zP5onXwVF3zVmmToNcOfGC+CRDpfK/U584fMg38ZHCaElKQ==",
         "dependencies": {
            "color-name": "~1.1.4"
         },
         "engines": {
            "node": ">=7.0.0"
         }
      },
      "node_modules/color-name": {
         "version": "1.1.4",
         "integrity": "sha512-dOy+3AuW3a2wNbZHIuMZpTcgjGuLU/uBL/ubcZF9OXbDo8ff4O8yVp5Bf0efS8uEoYo5q4Fx7dY9OgQGXgAsQA=="
      },
      "node_modules/combined-stream": {
         "version": "1.0.8",
         "integrity": "sha512-FQN4MRfuJeHf7cBbBMJFXhKSDq+2kAArBlmRBvcvFE5BB1HZKXtSFASDhdlz9zOYwxh8lDdnvmMOe/+5cdoEdg==",
         "dependencies": {
            "delayed-stream": "~1.0.0"
         },
         "engines": {
            "node": ">= 0.8"
         }
      },
      "node_modules/content-disposition": {
         "version": "0.5.3",
         "integrity": "sha512-ExO0774ikEObIAEV9kDo50o+79VCUdEB6n6lzKgGwupcVeRlhrj3qGAfwq8G6uBJjkqLrhT0qEYFcWng8z1z0g==",
         "dependencies": {
            "safe-buffer": "5.1.2"
         },
         "engines": {
            "node": ">= 0.6"
         }
      },
      "node_modules/content-type": {
         "version": "1.0.4",
         "integrity": "sha512-hIP3EEPs8tB9AT1L+NUqtwOAps4mk2Zob89MWXMHjHWg9milF/j4osnnQLXBCBFBk/tvIG/tUc9mOUJiPBhPXA==",
         "engines": {
            "node": ">= 0.6"
         }
      },
      "node_modules/cookie": {
         "version": "0.4.0",
         "integrity": "sha512-+Hp8fLp57wnUSt0tY0tHEXh4voZRDnoIrZPqlo3DPiI4y9lwg/jqx+1Om94/W6ZaPDOUbnjOt/99w66zk+l1Xg==",
         "engines": {
            "node": ">= 0.6"
         }
      },
      "node_modules/cookie-signature": {
         "version": "1.0.6",
         "integrity": "sha1-4wOogrNCzD7oylE6eZmXNNqzriw="
      },
      "node_modules/debug": {
         "version": "2.6.9",
         "integrity": "sha512-bC7ElrdJaJnPbAP+1EotYvqZsb3ecl5wi6Bfi6BJTUcNowp6cvspg0jXznRTKDjm/E7AdgFBVeAPVMNcKGsHMA==",
         "dependencies": {
            "ms": "2.0.0"
         }
      },
      "node_modules/delayed-stream": {
         "version": "1.0.0",
         "integrity": "sha1-3zrhmayt+31ECqrgsp4icrJOxhk=",
         "engines": {
            "node": ">=0.4.0"
         }
      },
      "node_modules/depd": {
         "version": "1.1.2",
         "integrity": "sha1-m81S4UwJd2PnSbJ0xDRu0uVgtak=",
         "engines": {
            "node": ">= 0.6"
         }
      },
      "node_modules/destroy": {
         "version": "1.0.4",
         "integrity": "sha1-l4hXRCxEdJ5CBmE+N5RiBYJqvYA="
      },
      "node_modules/discord.js": {
         "version": "12.5.0",
         "resolved": "git+ssh://git@github.com/slow/discord.js.git#20d1946b157d14225168e36ed7d5d97b6d073abc",
         "license": "Apache-2.0",
         "dependencies": {
            "@discordjs/collection": "^0.1.6",
            "@discordjs/form-data": "^3.0.1",
            "abort-controller": "^3.0.0",
            "node-fetch": "^2.6.1",
            "prism-media": "^1.2.2",
            "tweetnacl": "^1.0.3",
            "ws": "^7.3.1"
         },
         "engines": {
            "node": ">=14.0.0"
         }
      },
      "node_modules/discord.js-light": {
         "version": "3.5.0",
         "resolved": "git+ssh://git@github.com/slow/discord.js-light.git#1463986bb152f388fffdd7b8510969e22b55e1e2",
         "license": "Apache-2.0",
         "engines": {
            "node": ">=14.0.0"
         },
         "funding": {
            "type": "patreon",
            "url": "https://patreon.com/timotejroiko"
         }
      },
      "node_modules/dotenv": {
         "version": "10.0.0",
         "resolved": "git+ssh://git@github.com/andreialecu/dotenv.git#9b1d338e76daa73fa4fb8ed27b94082d80310eba",
         "license": "BSD-2-Clause",
         "engines": {
            "node": ">=10"
         }
      },
      "node_modules/ee-first": {
         "version": "1.1.1",
         "integrity": "sha1-WQxhFWsK4vTwJVcyoViyZrxWsh0="
      },
      "node_modules/encodeurl": {
         "version": "1.0.2",
         "integrity": "sha1-rT/0yG7C0CkyL1oCw6mmBslbP1k=",
         "engines": {
            "node": ">= 0.8"
         }
      },
      "node_modules/erlpack": {
         "version": "0.1.3",
         "resolved": "git+ssh://git@github.com/hammerandchisel/erlpack.git#e27db8f82892bdb9b28a0547cc394d68b5d2242d",
         "hasInstallScript": true,
         "license": "MIT",
         "dependencies": {
            "bindings": "^1.5.0",
            "nan": "^2.14.0"
         }
      },
      "node_modules/escape-html": {
         "version": "1.0.3",
         "integrity": "sha1-Aljq5NPQwJdN4cFpGI7wBR0dGYg="
      },
      "node_modules/etag": {
         "version": "1.8.1",
         "integrity": "sha1-Qa4u62XvpiJorr/qg6x9eSmbCIc=",
         "engines": {
            "node": ">= 0.6"
         }
      },
      "node_modules/event-target-shim": {
         "version": "5.0.1",
         "integrity": "sha512-i/2XbnSz/uxRCU6+NdVJgKWDTM427+MqYbkQzD321DuCQJUqOuJKIA0IM2+W2xtYHdKOmZ4dR6fExsd4SXL+WQ==",
         "engines": {
            "node": ">=6"
         }
      },
      "node_modules/express": {
         "version": "4.17.1",
         "integrity": "sha512-mHJ9O79RqluphRrcw2X/GTh3k9tVv8YcoyY4Kkh4WDMUYKRZUq0h1o0w2rrrxBqM7VoeUVqgb27xlEMXTnYt4g==",
         "dependencies": {
            "accepts": "~1.3.7",
            "array-flatten": "1.1.1",
            "body-parser": "1.19.0",
            "content-disposition": "0.5.3",
            "content-type": "~1.0.4",
            "cookie": "0.4.0",
            "cookie-signature": "1.0.6",
            "debug": "2.6.9",
            "depd": "~1.1.2",
            "encodeurl": "~1.0.2",
            "escape-html": "~1.0.3",
            "etag": "~1.8.1",
            "finalhandler": "~1.1.2",
            "fresh": "0.5.2",
            "merge-descriptors": "1.0.1",
            "methods": "~1.1.2",
            "on-finished": "~2.3.0",
            "parseurl": "~1.3.3",
            "path-to-regexp": "0.1.7",
            "proxy-addr": "~2.0.5",
            "qs": "6.7.0",
            "range-parser": "~1.2.1",
            "safe-buffer": "5.1.2",
            "send": "0.17.1",
            "serve-static": "1.14.1",
            "setprototypeof": "1.1.1",
            "statuses": "~1.5.0",
            "type-is": "~1.6.18",
            "utils-merge": "1.0.1",
            "vary": "~1.1.2"
         },
         "engines": {
            "node": ">= 0.10.0"
         }
      },
      "node_modules/file-uri-to-path": {
         "version": "1.0.0",
         "integrity": "sha512-0Zt+s3L7Vf1biwWZ29aARiVYLx7iMGnEUl9x33fbB/j3jR81u/O2LbqK+Bm1CDSNDKVtJ/YjwY7TUd5SkeLQLw=="
      },
      "node_modules/finalhandler": {
         "version": "1.1.2",
         "integrity": "sha512-aAWcW57uxVNrQZqFXjITpW3sIUQmHGG3qSb9mUah9MgMC4NeWhNOlNjXEYq3HjRAvL6arUviZGGJsBg6z0zsWA==",
         "dependencies": {
            "debug": "2.6.9",
            "encodeurl": "~1.0.2",
            "escape-html": "~1.0.3",
            "on-finished": "~2.3.0",
            "parseurl": "~1.3.3",
            "statuses": "~1.5.0",
            "unpipe": "~1.0.0"
         },
         "engines": {
            "node": ">= 0.8"
         }
      },
      "node_modules/forwarded": {
         "version": "0.2.0",
         "integrity": "sha512-buRG0fpBtRHSTCOASe6hD258tEubFoRLb4ZNA6NxMVHNw2gOcwHo9wyablzMzOA5z9xA9L1KNjk/Nt6MT9aYow==",
         "engines": {
            "node": ">= 0.6"
         }
      },
      "node_modules/fresh": {
         "version": "0.5.2",
         "integrity": "sha1-PYyt2Q2XZWn6g1qx+OSyOhBWBac=",
         "engines": {
            "node": ">= 0.6"
         }
      },
      "node_modules/has-flag": {
         "version": "4.0.0",
         "integrity": "sha512-EykJT/Q1KjTWctppgIAgfSO0tKVuZUjhgMr17kqTumMl6Afv3EISleU7qZUzoXDFTAHTDC4NOoG/ZxU3EvlMPQ==",
         "engines": {
            "node": ">=8"
         }
      },
      "node_modules/http-errors": {
         "version": "1.7.2",
         "integrity": "sha512-uUQBt3H/cSIVfch6i1EuPNy/YsRSOUBXTVfZ+yR7Zjez3qjBz6i9+i4zjNaoqcoFVI4lQJ5plg63TvGfRSDCRg==",
         "dependencies": {
            "depd": "~1.1.2",
            "inherits": "2.0.3",
            "setprototypeof": "1.1.1",
            "statuses": ">= 1.5.0 < 2",
            "toidentifier": "1.0.0"
         },
         "engines": {
            "node": ">= 0.6"
         }
      },
      "node_modules/iconv-lite": {
         "version": "0.4.24",
         "integrity": "sha512-v3MXnZAcvnywkTUEZomIActle7RXXeedOR31wwl7VlyoXO4Qi9arvSenNQWne1TcRwhCL1HwLI21bEqdpj8/rA==",
         "dependencies": {
            "safer-buffer": ">= 2.1.2 < 3"
         },
         "engines": {
            "node": ">=0.10.0"
         }
      },
      "node_modules/inherits": {
         "version": "2.0.3",
         "integrity": "sha1-Yzwsg+PaQqUC9SRmAiSA9CCCYd4="
      },
      "node_modules/ipaddr.js": {
         "version": "1.9.1",
         "integrity": "sha512-0KI/607xoxSToH7GjN1FfSbLoU0+btTicjsQSWQlh/hZykN8KpmMf7uYwPW3R+akZ6R/w18ZlXSHBYXiYUPO3g==",
         "engines": {
            "node": ">= 0.10"
         }
      },
      "node_modules/json5": {
         "version": "2.2.0",
         "integrity": "sha512-f+8cldu7X/y7RAJurMEJmdoKXGB/X550w2Nr3tTbezL6RwEE/iMcm+tZnXeoZtKuOq6ft8+CqzEkrIgx1fPoQA==",
         "dependencies": {
            "minimist": "^1.2.5"
         },
         "bin": {
            "json5": "lib/cli.js"
         },
         "engines": {
            "node": ">=6"
         }
      },
      "node_modules/media-typer": {
         "version": "0.3.0",
         "integrity": "sha1-hxDXrwqmJvj/+hzgAWhUUmMlV0g=",
         "engines": {
            "node": ">= 0.6"
         }
      },
      "node_modules/merge-descriptors": {
         "version": "1.0.1",
         "integrity": "sha1-sAqqVW3YtEVoFQ7J0blT8/kMu2E="
      },
      "node_modules/methods": {
         "version": "1.1.2",
         "integrity": "sha1-VSmk1nZUE07cxSZmVoNbD4Ua/O4=",
         "engines": {
            "node": ">= 0.6"
         }
      },
      "node_modules/mime": {
         "version": "1.6.0",
         "integrity": "sha512-x0Vn8spI+wuJ1O6S7gnbaQg8Pxh4NNHb7KSINmEWKiPE4RKOplvijn+NkmYmmRgP68mc70j2EbeTFRsrswaQeg==",
         "bin": {
            "mime": "cli.js"
         },
         "engines": {
            "node": ">=4"
         }
      },
      "node_modules/mime-db": {
         "version": "1.48.0",
         "integrity": "sha512-FM3QwxV+TnZYQ2aRqhlKBMHxk10lTbMt3bBkMAp54ddrNeVSfcQYOOKuGuy3Ddrm38I04If834fOUSq1yzslJQ==",
         "engines": {
            "node": ">= 0.6"
         }
      },
      "node_modules/mime-types": {
         "version": "2.1.31",
         "integrity": "sha512-XGZnNzm3QvgKxa8dpzyhFTHmpP3l5YNusmne07VUOXxou9CqUqYa/HBy124RqtVh/O2pECas/MOcsDgpilPOPg==",
         "dependencies": {
            "mime-db": "1.48.0"
         },
         "engines": {
            "node": ">= 0.6"
         }
      },
      "node_modules/minimist": {
         "version": "1.2.5",
         "integrity": "sha512-FM9nNUYrRBAELZQT3xeZQ7fmMOBg6nWNmJKTcgsJeaLstP/UODVpGsr5OhXhhXg6f+qtJ8uiZ+PUxkDWcgIXLw=="
      },
      "node_modules/ms": {
         "version": "2.0.0",
         "integrity": "sha1-VgiurfwAvmwpAd9fmGF4jeDVl8g="
      },
      "node_modules/nan": {
         "version": "2.14.2",
         "integrity": "sha512-M2ufzIiINKCuDfBSAUr1vWQ+vuVcA9kqx8JJUsbQi6yf1uGRyb7HfpdfUr5qLXf3B/t8dPvcjhKMmlfnP47EzQ=="
      },
      "node_modules/negotiator": {
         "version": "0.6.2",
         "integrity": "sha512-hZXc7K2e+PgeI1eDBe/10Ard4ekbfrrqG8Ep+8Jmf4JID2bNg7NvCPOZN+kfF574pFQI7mum2AUqDidoKqcTOw==",
         "engines": {
            "node": ">= 0.6"
         }
      },
      "node_modules/node": {
         "version": "14.17.4",
         "integrity": "sha512-m4TKY6nELuDXODckNlpycOaGevD7mz4yJuYt/R4L903DtRShRQIqIjsTmWf+20G8Wgt/uWvSw8UW8ddaw2THCg==",
         "hasInstallScript": true,
         "dependencies": {
            "node-bin-setup": "^1.0.0"
         },
         "bin": {
            "node": "bin/node"
         },
         "engines": {
            "npm": ">=5.0.0"
         }
      },
      "node_modules/node-fetch": {
         "version": "2.6.1",
         "integrity": "sha512-V4aYg89jEoVRxRb2fJdAg8FHvI7cEyYdVAh94HH0UIK8oJxUfkjlDQN9RbMx+bEjP7+ggMiFRprSti032Oipxw==",
         "engines": {
            "node": "4.x || >=6.0.0"
         }
      },
      "node_modules/node/node_modules/node-bin-setup": {
         "version": "1.0.6",
         "integrity": "sha512-uPIxXNis1CRbv1DwqAxkgBk5NFV3s7cMN/Gf556jSw6jBvV7ca4F9lRL/8cALcZecRibeqU+5dFYqFFmzv5a0Q=="
      },
      "node_modules/on-finished": {
         "version": "2.3.0",
         "integrity": "sha1-IPEzZIGwg811M3mSoWlxqi2QaUc=",
         "dependencies": {
            "ee-first": "1.1.1"
         },
         "engines": {
            "node": ">= 0.8"
         }
      },
      "node_modules/parseurl": {
         "version": "1.3.3",
         "integrity": "sha512-CiyeOxFT/JZyN5m0z9PfXw4SCBJ6Sygz1Dpl0wqjlhDEGGBP1GnsUVEL0p63hoG1fcj3fHynXi9NYO4nWOL+qQ==",
         "engines": {
            "node": ">= 0.8"
         }
      },
      "node_modules/path-to-regexp": {
         "version": "0.1.7",
         "integrity": "sha1-32BBeABfUi8V60SQ5yR6G/qmf4w="
      },
      "node_modules/phin": {
         "version": "3.6.0",
         "integrity": "sha512-nYY4Qh/yGCoxcwOAS2UfCM8+nVJcbI4f9NC4M4zPAsuswnIIS2aB14uYAbvdxP/4DqzXfrpadT2WQOx9mLDyTA==",
         "dependencies": {
            "centra": "^2.4.2"
         },
         "engines": {
            "node": ">= 8"
         }
      },
      "node_modules/prism-media": {
         "version": "1.2.9",
         "integrity": "sha512-UHCYuqHipbTR1ZsXr5eg4JUmHER8Ss4YEb9Azn+9zzJ7/jlTtD1h0lc4g6tNx3eMlB8Mp6bfll0LPMAV4R6r3Q==",
         "peerDependencies": {
            "@discordjs/opus": "^0.5.0",
            "ffmpeg-static": "^4.2.7 || ^3.0.0 || ^2.4.0",
            "node-opus": "^0.3.3",
            "opusscript": "^0.0.8"
         },
         "peerDependenciesMeta": {
            "@discordjs/opus": {
               "optional": true
            },
            "ffmpeg-static": {
               "optional": true
            },
            "node-opus": {
               "optional": true
            },
            "opusscript": {
               "optional": true
            }
         }
      },
      "node_modules/proxy-addr": {
         "version": "2.0.7",
         "integrity": "sha512-llQsMLSUDUPT44jdrU/O37qlnifitDP+ZwrmmZcoSKyLKvtZxpyV0n2/bD/N4tBAAZ/gJEdZU7KMraoK1+XYAg==",
         "dependencies": {
            "forwarded": "0.2.0",
            "ipaddr.js": "1.9.1"
         },
         "engines": {
            "node": ">= 0.10"
         }
      },
      "node_modules/qs": {
         "version": "6.7.0",
         "integrity": "sha512-VCdBRNFTX1fyE7Nb6FYoURo/SPe62QCaAyzJvUjwRaIsc+NePBEniHlvxFmmX56+HZphIGtV0XeCirBtpDrTyQ==",
         "engines": {
            "node": ">=0.6"
         }
      },
      "node_modules/range-parser": {
         "version": "1.2.1",
         "integrity": "sha512-Hrgsx+orqoygnmhFbKaHE6c296J+HTAQXoxEF6gNupROmmGJRoyzfG3ccAveqCBrwr/2yxQ5BVd/GTl5agOwSg==",
         "engines": {
            "node": ">= 0.6"
         }
      },
      "node_modules/raw-body": {
         "version": "2.4.0",
         "integrity": "sha512-4Oz8DUIwdvoa5qMJelxipzi/iJIi40O5cGV1wNYp5hvZP8ZN0T+jiNkL0QepXs+EsQ9XJ8ipEDoiH70ySUJP3Q==",
         "dependencies": {
            "bytes": "3.1.0",
            "http-errors": "1.7.2",
            "iconv-lite": "0.4.24",
            "unpipe": "1.0.0"
         },
         "engines": {
            "node": ">= 0.8"
         }
      },
      "node_modules/safe-buffer": {
         "version": "5.1.2",
         "integrity": "sha512-Gd2UZBJDkXlY7GbJxfsE8/nvKkUEU1G38c1siN6QP6a9PT9MmHB8GnpscSmMJSoF8LOIrt8ud/wPtojys4G6+g=="
      },
      "node_modules/safer-buffer": {
         "version": "2.1.2",
         "integrity": "sha512-YZo3K82SD7Riyi0E1EQPojLz7kpepnSQI9IyPbHHg1XXXevb5dJI7tpyN2ADxGcQbHG7vcyRHk0cbwqcQriUtg=="
      },
      "node_modules/send": {
         "version": "0.17.1",
         "integrity": "sha512-BsVKsiGcQMFwT8UxypobUKyv7irCNRHk1T0G680vk88yf6LBByGcZJOTJCrTP2xVN6yI+XjPJcNuE3V4fT9sAg==",
         "dependencies": {
            "debug": "2.6.9",
            "depd": "~1.1.2",
            "destroy": "~1.0.4",
            "encodeurl": "~1.0.2",
            "escape-html": "~1.0.3",
            "etag": "~1.8.1",
            "fresh": "0.5.2",
            "http-errors": "~1.7.2",
            "mime": "1.6.0",
            "ms": "2.1.1",
            "on-finished": "~2.3.0",
            "range-parser": "~1.2.1",
            "statuses": "~1.5.0"
         },
         "engines": {
            "node": ">= 0.8.0"
         }
      },
      "node_modules/send/node_modules/ms": {
         "version": "2.1.1",
         "integrity": "sha512-tgp+dl5cGk28utYktBsrFqA7HKgrhgPsg6Z/EfhWI4gl1Hwq8B/GmY/0oXZ6nF8hDVesS/FpnYaD/kOWhYQvyg=="
      },
      "node_modules/serve-static": {
         "version": "1.14.1",
         "integrity": "sha512-JMrvUwE54emCYWlTI+hGrGv5I8dEwmco/00EvkzIIsR7MqrHonbD9pO2MOfFnpFntl7ecpZs+3mW+XbQZu9QCg==",
         "dependencies": {
            "encodeurl": "~1.0.2",
            "escape-html": "~1.0.3",
            "parseurl": "~1.3.3",
            "send": "0.17.1"
         },
         "engines": {
            "node": ">= 0.8.0"
         }
      },
      "node_modules/setprototypeof": {
         "version": "1.1.1",
         "integrity": "sha512-JvdAWfbXeIGaZ9cILp38HntZSFSo3mWg6xGcJJsd+d4aRMOqauag1C63dJfDw7OaMYwEbHMOxEZ1lqVRYP2OAw=="
      },
      "node_modules/statuses": {
         "version": "1.5.0",
         "integrity": "sha1-Fhx9rBd2Wf2YEfQ3cfqZOBR4Yow=",
         "engines": {
            "node": ">= 0.6"
         }
      },
      "node_modules/supports-color": {
         "version": "7.2.0",
         "integrity": "sha512-qpCAvRl9stuOHveKsn7HncJRvv501qIacKzQlO/+Lwxc9+0q2wLyv4Dfvt80/DPn2pqOBsJdDiogXGR9+OvwRw==",
         "dependencies": {
            "has-flag": "^4.0.0"
         },
         "engines": {
            "node": ">=8"
         }
      },
      "node_modules/toidentifier": {
         "version": "1.0.0",
         "integrity": "sha512-yaOH/Pk/VEhBWWTlhI+qXxDFXlejDGcQipMlyxda9nthulaxLZUNcUqFxokp0vcYnvteJln5FNQDRrxj3YcbVw==",
         "engines": {
            "node": ">=0.6"
         }
      },
      "node_modules/tweetnacl": {
         "version": "1.0.3",
         "integrity": "sha512-6rt+RN7aOi1nGMyC4Xa5DdYiukl2UWCbcJft7YhxReBGQD7OAM8Pbxw6YMo4r2diNEA8FEmu32YOn9rhaiE5yw=="
      },
      "node_modules/type-is": {
         "version": "1.6.18",
         "integrity": "sha512-TkRKr9sUTxEH8MdfuCSP7VizJyzRNMjj2J2do2Jr3Kym598JVdEksuzPQCnlFPW4ky9Q+iA+ma9BGm06XQBy8g==",
         "dependencies": {
            "media-typer": "0.3.0",
            "mime-types": "~2.1.24"
         },
         "engines": {
            "node": ">= 0.6"
         }
      },
      "node_modules/unpipe": {
         "version": "1.0.0",
         "integrity": "sha1-sr9O6FFKrmFltIF4KdIbLvSZBOw=",
         "engines": {
            "node": ">= 0.8"
         }
      },
      "node_modules/utils-merge": {
         "version": "1.0.1",
         "integrity": "sha1-n5VxD1CiZ5R7LMwSR0HBAoQn5xM=",
         "engines": {
            "node": ">= 0.4.0"
         }
      },
      "node_modules/vary": {
         "version": "1.1.2",
         "integrity": "sha1-IpnwLG3tMNSllhsLn3RSShj2NPw=",
         "engines": {
            "node": ">= 0.8"
         }
      },
      "node_modules/ws": {
         "version": "7.4.6",
         "integrity": "sha512-YmhHDO4MzaDLB+M9ym/mDA5z0naX8j7SIlT8f8z+I0VtzsRbekxEutHSme7NPS2qE8StCYQNUnfWdXta/Yu85A==",
         "engines": {
            "node": ">=8.3.0"
         },
         "peerDependencies": {
            "bufferutil": "^4.0.1",
            "utf-8-validate": "^5.0.2"
         },
         "peerDependenciesMeta": {
            "bufferutil": {
               "optional": true
            },
            "utf-8-validate": {
               "optional": true
            }
         }
      }
   },
   "dependencies": {
      "@discordjs/collection": {
         "version": "0.1.6"
      },
      "@discordjs/form-data": {
         "version": "3.0.1",
         "requires": {
            "asynckit": "^0.4.0",
            "combined-stream": "^1.0.8",
            "mime-types": "^2.1.12"
         }
      },
      "@discordjs/uws": {
         "version": "10.149.0"
      },
      "@skyra/timestamp": {
         "version": "1.0.0"
      },
      "abort-controller": {
         "version": "3.0.0",
         "requires": {
            "event-target-shim": "^5.0.0"
         }
      },
      "accepts": {
         "version": "1.3.7",
         "requires": {
            "mime-types": "~2.1.24",
            "negotiator": "0.6.2"
         }
      },
      "ansi-styles": {
         "version": "4.3.0",
         "requires": {
            "color-convert": "^2.0.1"
         }
      },
      "array-flatten": {
         "version": "1.1.1"
      },
      "asynckit": {
         "version": "0.4.0"
      },
      "bindings": {
         "version": "1.5.0",
         "requires": {
            "file-uri-to-path": "1.0.0"
         }
      },
      "body-parser": {
         "version": "1.19.0",
         "requires": {
            "bytes": "3.1.0",
            "content-type": "~1.0.4",
            "debug": "2.6.9",
            "depd": "~1.1.2",
            "http-errors": "1.7.2",
            "iconv-lite": "0.4.24",
            "on-finished": "~2.3.0",
            "qs": "6.7.0",
            "raw-body": "2.4.0",
            "type-is": "~1.6.17"
         }
      },
      "bytes": {
         "version": "3.1.0"
      },
      "centra": {
         "version": "2.4.2"
      },
      "chalk": {
         "version": "4.1.1",
         "requires": {
            "ansi-styles": "^4.1.0",
            "supports-color": "^7.1.0"
         }
      },
      "color-convert": {
         "version": "2.0.1",
         "requires": {
            "color-name": "~1.1.4"
         }
      },
      "color-name": {
         "version": "1.1.4"
      },
      "combined-stream": {
         "version": "1.0.8",
         "requires": {
            "delayed-stream": "~1.0.0"
         }
      },
      "content-disposition": {
         "version": "0.5.3",
         "requires": {
            "safe-buffer": "5.1.2"
         }
      },
      "content-type": {
         "version": "1.0.4"
      },
      "cookie": {
         "version": "0.4.0"
      },
      "cookie-signature": {
         "version": "1.0.6"
      },
      "debug": {
         "version": "2.6.9",
         "requires": {
            "ms": "2.0.0"
         }
      },
      "delayed-stream": {
         "version": "1.0.0"
      },
      "depd": {
         "version": "1.1.2"
      },
      "destroy": {
         "version": "1.0.4"
      },
      "discord.js": {
         "version": "git+ssh://git@github.com/slow/discord.js.git#20d1946b157d14225168e36ed7d5d97b6d073abc",
         "from": "discord.js@slow/discord.js#master",
         "requires": {
            "@discordjs/collection": "^0.1.6",
            "@discordjs/form-data": "^3.0.1",
            "abort-controller": "^3.0.0",
            "node-fetch": "^2.6.1",
            "prism-media": "^1.2.2",
            "tweetnacl": "^1.0.3",
            "ws": "^7.3.1"
         }
      },
      "discord.js-light": {
         "version": "git+ssh://git@github.com/slow/discord.js-light.git#1463986bb152f388fffdd7b8510969e22b55e1e2",
         "from": "discord.js-light@slow/discord.js-light#master"
      },
      "dotenv": {
         "version": "git+ssh://git@github.com/andreialecu/dotenv.git#9b1d338e76daa73fa4fb8ed27b94082d80310eba",
         "from": "dotenv@github:andreialecu/dotenv#feat-multiline"
      },
      "ee-first": {
         "version": "1.1.1"
      },
      "encodeurl": {
         "version": "1.0.2"
      },
      "erlpack": {
         "version": "git+ssh://git@github.com/hammerandchisel/erlpack.git#e27db8f82892bdb9b28a0547cc394d68b5d2242d",
         "from": "erlpack@hammerandchisel/erlpack#master",
         "requires": {
            "bindings": "^1.5.0",
            "nan": "^2.14.0"
         }
      },
      "escape-html": {
         "version": "1.0.3"
      },
      "etag": {
         "version": "1.8.1"
      },
      "event-target-shim": {
         "version": "5.0.1"
      },
      "express": {
         "version": "4.17.1",
         "requires": {
            "accepts": "~1.3.7",
            "array-flatten": "1.1.1",
            "body-parser": "1.19.0",
            "content-disposition": "0.5.3",
            "content-type": "~1.0.4",
            "cookie": "0.4.0",
            "cookie-signature": "1.0.6",
            "debug": "2.6.9",
            "depd": "~1.1.2",
            "encodeurl": "~1.0.2",
            "escape-html": "~1.0.3",
            "etag": "~1.8.1",
            "finalhandler": "~1.1.2",
            "fresh": "0.5.2",
            "merge-descriptors": "1.0.1",
            "methods": "~1.1.2",
            "on-finished": "~2.3.0",
            "parseurl": "~1.3.3",
            "path-to-regexp": "0.1.7",
            "proxy-addr": "~2.0.5",
            "qs": "6.7.0",
            "range-parser": "~1.2.1",
            "safe-buffer": "5.1.2",
            "send": "0.17.1",
            "serve-static": "1.14.1",
            "setprototypeof": "1.1.1",
            "statuses": "~1.5.0",
            "type-is": "~1.6.18",
            "utils-merge": "1.0.1",
            "vary": "~1.1.2"
         }
      },
      "file-uri-to-path": {
         "version": "1.0.0"
      },
      "finalhandler": {
         "version": "1.1.2",
         "requires": {
            "debug": "2.6.9",
            "encodeurl": "~1.0.2",
            "escape-html": "~1.0.3",
            "on-finished": "~2.3.0",
            "parseurl": "~1.3.3",
            "statuses": "~1.5.0",
            "unpipe": "~1.0.0"
         }
      },
      "forwarded": {
         "version": "0.2.0"
      },
      "fresh": {
         "version": "0.5.2"
      },
      "has-flag": {
         "version": "4.0.0"
      },
      "http-errors": {
         "version": "1.7.2",
         "requires": {
            "depd": "~1.1.2",
            "inherits": "2.0.3",
            "setprototypeof": "1.1.1",
            "statuses": ">= 1.5.0 < 2",
            "toidentifier": "1.0.0"
         }
      },
      "iconv-lite": {
         "version": "0.4.24",
         "requires": {
            "safer-buffer": ">= 2.1.2 < 3"
         }
      },
      "inherits": {
         "version": "2.0.3"
      },
      "ipaddr.js": {
         "version": "1.9.1"
      },
      "json5": {
         "version": "2.2.0",
         "requires": {
            "minimist": "^1.2.5"
         }
      },
      "media-typer": {
         "version": "0.3.0"
      },
      "merge-descriptors": {
         "version": "1.0.1"
      },
      "methods": {
         "version": "1.1.2"
      },
      "mime": {
         "version": "1.6.0"
      },
      "mime-db": {
         "version": "1.48.0"
      },
      "mime-types": {
         "version": "2.1.31",
         "requires": {
            "mime-db": "1.48.0"
         }
      },
      "minimist": {
         "version": "1.2.5"
      },
      "ms": {
         "version": "2.0.0"
      },
      "nan": {
         "version": "2.14.2"
      },
      "negotiator": {
         "version": "0.6.2"
      },
      "node": {
         "version": "14.17.4",
         "requires": {
            "node-bin-setup": "^1.0.0"
         },
         "dependencies": {
            "node-bin-setup": {
               "version": "1.0.6"
            }
         }
      },
      "node-fetch": {
         "version": "2.6.1"
      },
      "on-finished": {
         "version": "2.3.0",
         "requires": {
            "ee-first": "1.1.1"
         }
      },
      "parseurl": {
         "version": "1.3.3"
      },
      "path-to-regexp": {
         "version": "0.1.7"
      },
      "phin": {
         "version": "3.6.0",
         "requires": {
            "centra": "^2.4.2"
         }
      },
      "prism-media": {
         "version": "1.2.9",
         "requires": {}
      },
      "proxy-addr": {
         "version": "2.0.7",
         "requires": {
            "forwarded": "0.2.0",
            "ipaddr.js": "1.9.1"
         }
      },
      "qs": {
         "version": "6.7.0"
      },
      "range-parser": {
         "version": "1.2.1"
      },
      "raw-body": {
         "version": "2.4.0",
         "requires": {
            "bytes": "3.1.0",
            "http-errors": "1.7.2",
            "iconv-lite": "0.4.24",
            "unpipe": "1.0.0"
         }
      },
      "safe-buffer": {
         "version": "5.1.2"
      },
      "safer-buffer": {
         "version": "2.1.2"
      },
      "send": {
         "version": "0.17.1",
         "requires": {
            "debug": "2.6.9",
            "depd": "~1.1.2",
            "destroy": "~1.0.4",
            "encodeurl": "~1.0.2",
            "escape-html": "~1.0.3",
            "etag": "~1.8.1",
            "fresh": "0.5.2",
            "http-errors": "~1.7.2",
            "mime": "1.6.0",
            "ms": "2.1.1",
            "on-finished": "~2.3.0",
            "range-parser": "~1.2.1",
            "statuses": "~1.5.0"
         },
         "dependencies": {
            "ms": {
               "version": "2.1.1"
            }
         }
      },
      "serve-static": {
         "version": "1.14.1",
         "requires": {
            "encodeurl": "~1.0.2",
            "escape-html": "~1.0.3",
            "parseurl": "~1.3.3",
            "send": "0.17.1"
         }
      },
      "setprototypeof": {
         "version": "1.1.1"
      },
      "statuses": {
         "version": "1.5.0"
      },
      "supports-color": {
         "version": "7.2.0",
         "requires": {
            "has-flag": "^4.0.0"
         }
      },
      "toidentifier": {
         "version": "1.0.0"
      },
      "tweetnacl": {
         "version": "1.0.3"
      },
      "type-is": {
         "version": "1.6.18",
         "requires": {
            "media-typer": "0.3.0",
            "mime-types": "~2.1.24"
         }
      },
      "unpipe": {
         "version": "1.0.0"
      },
      "utils-merge": {
         "version": "1.0.1"
      },
      "vary": {
         "version": "1.1.2"
      },
      "ws": {
         "version": "7.4.6",
         "requires": {}
      }
   }
}
